
Microsoft Visual Studio Solution File, Format Version 12.00
# Visual Studio Version 16
VisualStudioVersion = 16.0.30611.23
MinimumVisualStudioVersion = 10.0.40219.1
Project("{9A19103F-16F7-4668-BE54-9A1E7A4F7556}") = "SimpleNetCoreApi", "SimpleNetCoreApi.csproj", "{BEB2F4B7-EC33-409E-8120-8BC9540E8AE4}"
EndProject
Project("{FAE04EC0-301F-11D3-BF4B-00C04F79EFBC}") = "SimpleNetCoreApiTests", "..\SimpleNetCoreApiTests\SimpleNetCoreApiTests.csproj", "{78538B49-A365-4896-977D-4A5F0287C772}"
EndProject
Global
	GlobalSection(SolutionConfigurationPlatforms) = preSolution
		Debug|Any CPU = Debug|Any CPU
		Release|Any CPU = Release|Any CPU
	EndGlobalSection
	GlobalSection(ProjectConfigurationPlatforms) = postSolution
		{BEB2F4B7-EC33-409E-8120-8BC9540E8AE4}.Debug|Any CPU.ActiveCfg = Debug|Any CPU
		{BEB2F4B7-EC33-409E-8120-8BC9540E8AE4}.Debug|Any CPU.Build.0 = Debug|Any CPU
		{BEB2F4B7-EC33-409E-8120-8BC9540E8AE4}.Release|Any CPU.ActiveCfg = Release|Any CPU
		{BEB2F4B7-EC33-409E-8120-8BC9540E8AE4}.Release|Any CPU.Build.0 = Release|Any CPU
		{78538B49-A365-4896-977D-4A5F0287C772}.Debug|Any CPU.ActiveCfg = Debug|Any CPU
		{78538B49-A365-4896-977D-4A5F0287C772}.Debug|Any CPU.Build.0 = Debug|Any CPU
		{78538B49-A365-4896-977D-4A5F0287C772}.Release|Any CPU.ActiveCfg = Release|Any CPU
		{78538B49-A365-4896-977D-4A5F0287C772}.Release|Any CPU.Build.0 = Release|Any CPU
	EndGlobalSection
	GlobalSection(SolutionProperties) = preSolution
		HideSolutionNode = FALSE
	EndGlobalSection
	GlobalSection(ExtensibilityGlobals) = postSolution
		SolutionGuid = {5D08F446-71FB-4782-9547-8D6C43ACA82B}
	EndGlobalSection
EndGlobal
